
Microsoft Visual Studio Solution File, Format Version 12.00
# Visual Studio Version 16
VisualStudioVersion = 16.0.29102.190
MinimumVisualStudioVersion = 10.0.40219.1
Project("{FAE04EC0-301F-11D3-BF4B-00C04F79EFBC}") = "turing machine", "turing machine.csproj", "{FA8D98E0-A486-4D40-A9D7-01430EC45466}"
EndProject
Global
	GlobalSection(SolutionConfigurationPlatforms) = preSolution
		Debug|Any CPU = Debug|Any CPU
		Release|Any CPU = Release|Any CPU
	EndGlobalSection
	GlobalSection(ProjectConfigurationPlatforms) = postSolution
		{FA8D98E0-A486-4D40-A9D7-01430EC45466}.Debug|Any CPU.ActiveCfg = Debug|Any CPU
		{FA8D98E0-A486-4D40-A9D7-01430EC45466}.Debug|Any CPU.Build.0 = Debug|Any CPU
		{FA8D98E0-A486-4D40-A9D7-01430EC45466}.Release|Any CPU.ActiveCfg = Release|Any CPU
		{FA8D98E0-A486-4D40-A9D7-01430EC45466}.Release|Any CPU.Build.0 = Release|Any CPU
	EndGlobalSection
	GlobalSection(SolutionProperties) = preSolution
		HideSolutionNode = FALSE
	EndGlobalSection
	GlobalSection(ExtensibilityGlobals) = postSolution
		SolutionGuid = {A4B0FA78-0ED2-4076-A20F-9C60BD4F22BA}
	EndGlobalSection
EndGlobal
